// !$*UTF8*$!
{
	archiveVersion = 1;
	classes = {
	};
	objectVersion = 46;
	objects = {

/* Begin PBXBuildFile section */
		D1F1F9421DDF671F00F8869E /* AppDelegate.swift in Sources */ = {isa = PBXBuildFile; fileRef = D1F1F9411DDF671F00F8869E /* AppDelegate.swift */; };
		D1F1F9441DDF671F00F8869E /* ViewController.swift in Sources */ = {isa = PBXBuildFile; fileRef = D1F1F9431DDF671F00F8869E /* ViewController.swift */; };
		D1F1F9471DDF671F00F8869E /* Main.storyboard in Resources */ = {isa = PBXBuildFile; fileRef = D1F1F9451DDF671F00F8869E /* Main.storyboard */; };
		D1F1F9491DDF671F00F8869E /* Assets.xcassets in Resources */ = {isa = PBXBuildFile; fileRef = D1F1F9481DDF671F00F8869E /* Assets.xcassets */; };
		D1F1F94C1DDF671F00F8869E /* LaunchScreen.storyboard in Resources */ = {isa = PBXBuildFile; fileRef = D1F1F94A1DDF671F00F8869E /* LaunchScreen.storyboard */; };
		D1F1F9561DDF764C00F8869E /* Toast.swift in Sources */ = {isa = PBXBuildFile; fileRef = D1F1F9551DDF764C00F8869E /* Toast.swift */; };
		D1F1F95A1DDF771A00F8869E /* SnapKit.framework in Frameworks */ = {isa = PBXBuildFile; fileRef = D1F1F9591DDF771A00F8869E /* SnapKit.framework */; };
		D1F1F95D1DDF773B00F8869E /* SnapKit.framework.dSYM in CopyFiles */ = {isa = PBXBuildFile; fileRef = D1F1F95C1DDF773B00F8869E /* SnapKit.framework.dSYM */; };
/* End PBXBuildFile section */

/* Begin PBXCopyFilesBuildPhase section */
		D1F1F95B1DDF772000F8869E /* CopyFiles */ = {
			isa = PBXCopyFilesBuildPhase;
			buildActionMask = 2147483647;
			dstPath = "";
			dstSubfolderSpec = 16;
			files = (
				D1F1F95D1DDF773B00F8869E /* SnapKit.framework.dSYM in CopyFiles */,
			);
			runOnlyForDeploymentPostprocessing = 0;
		};
/* End PBXCopyFilesBuildPhase section */

/* Begin PBXFileReference section */
		D1F1F93E1DDF671F00F8869E /* ToastExample.app */ = {isa = PBXFileReference; explicitFileType = wrapper.application; includeInIndex = 0; path = ToastExample.app; sourceTree = BUILT_PRODUCTS_DIR; };
		D1F1F9411DDF671F00F8869E /* AppDelegate.swift */ = {isa = PBXFileReference; lastKnownFileType = sourcecode.swift; path = AppDelegate.swift; sourceTree = "<group>"; };
		D1F1F9431DDF671F00F8869E /* ViewController.swift */ = {isa = PBXFileReference; lastKnownFileType = sourcecode.swift; path = ViewController.swift; sourceTree = "<group>"; };
		D1F1F9461DDF671F00F8869E /* Base */ = {isa = PBXFileReference; lastKnownFileType = file.storyboard; name = Base; path = Base.lproj/Main.storyboard; sourceTree = "<group>"; };
		D1F1F9481DDF671F00F8869E /* Assets.xcassets */ = {isa = PBXFileReference; lastKnownFileType = folder.assetcatalog; path = Assets.xcassets; sourceTree = "<group>"; };
		D1F1F94B1DDF671F00F8869E /* Base */ = {isa = PBXFileReference; lastKnownFileType = file.storyboard; name = Base; path = Base.lproj/LaunchScreen.storyboard; sourceTree = "<group>"; };
		D1F1F94D1DDF671F00F8869E /* Info.plist */ = {isa = PBXFileReference; lastKnownFileType = text.plist.xml; path = Info.plist; sourceTree = "<group>"; };
		D1F1F9551DDF764C00F8869E /* Toast.swift */ = {isa = PBXFileReference; fileEncoding = 4; lastKnownFileType = sourcecode.swift; name = Toast.swift; path = ../../Toast/Toast.swift; sourceTree = "<group>"; };
		D1F1F9591DDF771A00F8869E /* SnapKit.framework */ = {isa = PBXFileReference; lastKnownFileType = wrapper.framework; name = SnapKit.framework; path = Carthage/Build/iOS/SnapKit.framework; sourceTree = "<group>"; };
		D1F1F95C1DDF773B00F8869E /* SnapKit.framework.dSYM */ = {isa = PBXFileReference; lastKnownFileType = wrapper.dsym; name = SnapKit.framework.dSYM; path = Carthage/Build/iOS/SnapKit.framework.dSYM; sourceTree = "<group>"; };
/* End PBXFileReference section */

/* Begin PBXFrameworksBuildPhase section */
		D1F1F93B1DDF671F00F8869E /* Frameworks */ = {
			isa = PBXFrameworksBuildPhase;
			buildActionMask = 2147483647;
			files = (
				D1F1F95A1DDF771A00F8869E /* SnapKit.framework in Frameworks */,
			);
			runOnlyForDeploymentPostprocessing = 0;
		};
/* End PBXFrameworksBuildPhase section */

/* Begin PBXGroup section */
		D1F1F9351DDF671F00F8869E = {
			isa = PBXGroup;
			children = (
				D1F1F95C1DDF773B00F8869E /* SnapKit.framework.dSYM */,
				D1F1F9401DDF671F00F8869E /* ToastExample */,
				D1F1F93F1DDF671F00F8869E /* Products */,
				D1F1F9581DDF771900F8869E /* Frameworks */,
			);
			sourceTree = "<group>";
		};
		D1F1F93F1DDF671F00F8869E /* Products */ = {
			isa = PBXGroup;
			children = (
				D1F1F93E1DDF671F00F8869E /* ToastExample.app */,
			);
			name = Products;
			sourceTree = "<group>";
		};
		D1F1F9401DDF671F00F8869E /* ToastExample */ = {
			isa = PBXGroup;
			children = (
				D1F1F9411DDF671F00F8869E /* AppDelegate.swift */,
				D1F1F9431DDF671F00F8869E /* ViewController.swift */,
				D1F1F9551DDF764C00F8869E /* Toast.swift */,
				D1F1F9451DDF671F00F8869E /* Main.storyboard */,
				D1F1F9481DDF671F00F8869E /* Assets.xcassets */,
				D1F1F94A1DDF671F00F8869E /* LaunchScreen.storyboard */,
				D1F1F94D1DDF671F00F8869E /* Info.plist */,
			);
			path = ToastExample;
			sourceTree = "<group>";
		};
		D1F1F9581DDF771900F8869E /* Frameworks */ = {
			isa = PBXGroup;
			children = (
				D1F1F9591DDF771A00F8869E /* SnapKit.framework */,
			);
			name = Frameworks;
			sourceTree = "<group>";
		};
/* End PBXGroup section */

/* Begin PBXNativeTarget section */
		D1F1F93D1DDF671F00F8869E /* ToastExample */ = {
			isa = PBXNativeTarget;
			buildConfigurationList = D1F1F9501DDF671F00F8869E /* Build configuration list for PBXNativeTarget "ToastExample" */;
			buildPhases = (
				D1F1F93A1DDF671F00F8869E /* Sources */,
				D1F1F93B1DDF671F00F8869E /* Frameworks */,
				D1F1F93C1DDF671F00F8869E /* Resources */,
				D1F1F9571DDF76ED00F8869E /* ShellScript */,
				D1F1F95B1DDF772000F8869E /* CopyFiles */,
			);
			buildRules = (
			);
			dependencies = (
			);
			name = ToastExample;
			productName = ToastExample;
			productReference = D1F1F93E1DDF671F00F8869E /* ToastExample.app */;
			productType = "com.apple.product-type.application";
		};
/* End PBXNativeTarget section */

/* Begin PBXProject section */
		D1F1F9361DDF671F00F8869E /* Project object */ = {
			isa = PBXProject;
			attributes = {
				LastSwiftUpdateCheck = 0810;
				LastUpgradeCheck = 0810;
				ORGANIZATIONNAME = Meitu;
				TargetAttributes = {
					D1F1F93D1DDF671F00F8869E = {
						CreatedOnToolsVersion = 8.1;
						DevelopmentTeam = 6PRCTVW4F9;
						ProvisioningStyle = Automatic;
					};
				};
			};
			buildConfigurationList = D1F1F9391DDF671F00F8869E /* Build configuration list for PBXProject "ToastExample" */;
			compatibilityVersion = "Xcode 3.2";
			developmentRegion = English;
			hasScannedForEncodings = 0;
			knownRegions = (
				en,
				Base,
			);
			mainGroup = D1F1F9351DDF671F00F8869E;
			productRefGroup = D1F1F93F1DDF671F00F8869E /* Products */;
			projectDirPath = "";
			projectRoot = "";
			targets = (
				D1F1F93D1DDF671F00F8869E /* ToastExample */,
			);
		};
/* End PBXProject section */

/* Begin PBXResourcesBuildPhase section */
		D1F1F93C1DDF671F00F8869E /* Resources */ = {
			isa = PBXResourcesBuildPhase;
			buildActionMask = 2147483647;
			files = (
				D1F1F94C1DDF671F00F8869E /* LaunchScreen.storyboard in Resources */,
				D1F1F9491DDF671F00F8869E /* Assets.xcassets in Resources */,
				D1F1F9471DDF671F00F8869E /* Main.storyboard in Resources */,
			);
			runOnlyForDeploymentPostprocessing = 0;
		};
/* End PBXResourcesBuildPhase section */

/* Begin PBXShellScriptBuildPhase section */
		D1F1F9571DDF76ED00F8869E /* ShellScript */ = {
			isa = PBXShellScriptBuildPhase;
			buildActionMask = 2147483647;
			files = (
			);
			inputPaths = (
				"$(SRCROOT)/Carthage/Build/iOS/SnapKit.framework",
			);
			outputPaths = (
			);
			runOnlyForDeploymentPostprocessing = 0;
			shellPath = /bin/sh;
			shellScript = "/usr/local/bin/carthage copy-frameworks";
		};
/* End PBXShellScriptBuildPhase section */

/* Begin PBXSourcesBuildPhase section */
		D1F1F93A1DDF671F00F8869E /* Sources */ = {
			isa = PBXSourcesBuildPhase;
			buildActionMask = 2147483647;
			files = (
				D1F1F9441DDF671F00F8869E /* ViewController.swift in Sources */,
				D1F1F9561DDF764C00F8869E /* Toast.swift in Sources */,
				D1F1F9421DDF671F00F8869E /* AppDelegate.swift in Sources */,
			);
			runOnlyForDeploymentPostprocessing = 0;
		};
/* End PBXSourcesBuildPhase section */

/* Begin PBXVariantGroup section */
		D1F1F9451DDF671F00F8869E /* Main.storyboard */ = {
			isa = PBXVariantGroup;
			children = (
				D1F1F9461DDF671F00F8869E /* Base */,
			);
			name = Main.storyboard;
			sourceTree = "<group>";
		};
		D1F1F94A1DDF671F00F8869E /* LaunchScreen.storyboard */ = {
			isa = PBXVariantGroup;
			children = (
				D1F1F94B1DDF671F00F8869E /* Base */,
			);
			name = LaunchScreen.storyboard;
			sourceTree = "<group>";
		};
/* End PBXVariantGroup section */

/* Begin XCBuildConfiguration section */
		D1F1F94E1DDF671F00F8869E /* Debug */ = {
			isa = XCBuildConfiguration;
			buildSettings = {
				ALWAYS_SEARCH_USER_PATHS = NO;
				CLANG_ANALYZER_NONNULL = YES;
				CLANG_CXX_LANGUAGE_STANDARD = "gnu++0x";
				CLANG_CXX_LIBRARY = "libc++";
				CLANG_ENABLE_MODULES = YES;
				CLANG_ENABLE_OBJC_ARC = YES;
				CLANG_WARN_BOOL_CONVERSION = YES;
				CLANG_WARN_CONSTANT_CONVERSION = YES;
				CLANG_WARN_DIRECT_OBJC_ISA_USAGE = YES_ERROR;
				CLANG_WARN_DOCUMENTATION_COMMENTS = YES;
				CLANG_WARN_EMPTY_BODY = YES;
				CLANG_WARN_ENUM_CONVERSION = YES;
				CLANG_WARN_INFINITE_RECURSION = YES;
				CLANG_WARN_INT_CONVERSION = YES;
				CLANG_WARN_OBJC_ROOT_CLASS = YES_ERROR;
				CLANG_WARN_SUSPICIOUS_MOVES = YES;
				CLANG_WARN_UNREACHABLE_CODE = YES;
				CLANG_WARN__DUPLICATE_METHOD_MATCH = YES;
				"CODE_SIGN_IDENTITY[sdk=iphoneos*]" = "iPhone Developer";
				COPY_PHASE_STRIP = NO;
				DEBUG_INFORMATION_FORMAT = dwarf;
				ENABLE_STRICT_OBJC_MSGSEND = YES;
				ENABLE_TESTABILITY = YES;
				GCC_C_LANGUAGE_STANDARD = gnu99;
				GCC_DYNAMIC_NO_PIC = NO;
				GCC_NO_COMMON_BLOCKS = YES;
				GCC_OPTIMIZATION_LEVEL = 0;
				GCC_PREPROCESSOR_DEFINITIONS = (
					"DEBUG=1",
					"$(inherited)",
				);
				GCC_WARN_64_TO_32_BIT_CONVERSION = YES;
				GCC_WARN_ABOUT_RETURN_TYPE = YES_ERROR;
				GCC_WARN_UNDECLARED_SELECTOR = YES;
				GCC_WARN_UNINITIALIZED_AUTOS = YES_AGGRESSIVE;
				GCC_WARN_UNUSED_FUNCTION = YES;
				GCC_WARN_UNUSED_VARIABLE = YES;
				IPHONEOS_DEPLOYMENT_TARGET = 10.1;
				MTL_ENABLE_DEBUG_INFO = YES;
				ONLY_ACTIVE_ARCH = YES;
				SDKROOT = iphoneos;
				SWIFT_ACTIVE_COMPILATION_CONDITIONS = DEBUG;
				SWIFT_OPTIMIZATION_LEVEL = "-Onone";
				TARGETED_DEVICE_FAMILY = "1,2";
			};
			name = Debug;
		};
		D1F1F94F1DDF671F00F8869E /* Release */ = {
			isa = XCBuildConfiguration;
			buildSettings = {
				ALWAYS_SEARCH_USER_PATHS = NO;
				CLANG_ANALYZER_NONNULL = YES;
				CLANG_CXX_LANGUAGE_STANDARD = "gnu++0x";
				CLANG_CXX_LIBRARY = "libc++";
				CLANG_ENABLE_MODULES = YES;
				CLANG_ENABLE_OBJC_ARC = YES;
				CLANG_WARN_BOOL_CONVERSION = YES;
				CLANG_WARN_CONSTANT_CONVERSION = YES;
				CLANG_WARN_DIRECT_OBJC_ISA_USAGE = YES_ERROR;
				CLANG_WARN_DOCUMENTATION_COMMENTS = YES;
				CLANG_WARN_EMPTY_BODY = YES;
				CLANG_WARN_ENUM_CONVERSION = YES;
				CLANG_WARN_INFINITE_RECURSION = YES;
				CLANG_WARN_INT_CONVERSION = YES;
				CLANG_WARN_OBJC_ROOT_CLASS = YES_ERROR;
				CLANG_WARN_SUSPICIOUS_MOVES = YES;
				CLANG_WARN_UNREACHABLE_CODE = YES;
				CLANG_WARN__DUPLICATE_METHOD_MATCH = YES;
				"CODE_SIGN_IDENTITY[sdk=iphoneos*]" = "iPhone Developer";
				COPY_PHASE_STRIP = NO;
				DEBUG_INFORMATION_FORMAT = "dwarf-with-dsym";
				ENABLE_NS_ASSERTIONS = NO;
				ENABLE_STRICT_OBJC_MSGSEND = YES;
				GCC_C_LANGUAGE_STANDARD = gnu99;
				GCC_NO_COMMON_BLOCKS = YES;
				GCC_WARN_64_TO_32_BIT_CONVERSION = YES;
				GCC_WARN_ABOUT_RETURN_TYPE = YES_ERROR;
				GCC_WARN_UNDECLARED_SELECTOR = YES;
				GCC_WARN_UNINITIALIZED_AUTOS = YES_AGGRESSIVE;
				GCC_WARN_UNUSED_FUNCTION = YES;
				GCC_WARN_UNUSED_VARIABLE = YES;
				IPHONEOS_DEPLOYMENT_TARGET = 10.1;
				MTL_ENABLE_DEBUG_INFO = NO;
				SDKROOT = iphoneos;
				SWIFT_OPTIMIZATION_LEVEL = "-Owholemodule";
				TARGETED_DEVICE_FAMILY = "1,2";
				VALIDATE_PRODUCT = YES;
			};
			name = Release;
		};
		D1F1F9511DDF671F00F8869E /* Debug */ = {
			isa = XCBuildConfiguration;
			buildSettings = {
				ASSETCATALOG_COMPILER_APPICON_NAME = AppIcon;
				DEVELOPMENT_TEAM = 6PRCTVW4F9;
				FRAMEWORK_SEARCH_PATHS = (
					"$(inherited)",
					"$(PROJECT_DIR)/Carthage/Build/iOS",
				);
				INFOPLIST_FILE = ToastExample/Info.plist;
				IPHONEOS_DEPLOYMENT_TARGET = 9.0;
				LD_RUNPATH_SEARCH_PATHS = "$(inherited) @executable_path/Frameworks";
				PRODUCT_BUNDLE_IDENTIFIER = com.meitu.ToastExample;
				PRODUCT_NAME = "$(TARGET_NAME)";
				SWIFT_VERSION = 3.0;
			};
			name = Debug;
		};
		D1F1F9521DDF671F00F8869E /* Release */ = {
			isa = XCBuildConfiguration;
			buildSettings = {
				ASSETCATALOG_COMPILER_APPICON_NAME = AppIcon;
				DEVELOPMENT_TEAM = 6PRCTVW4F9;
				FRAMEWORK_SEARCH_PATHS = (
					"$(inherited)",
					"$(PROJECT_DIR)/Carthage/Build/iOS",
				);
				INFOPLIST_FILE = ToastExample/Info.plist;
				IPHONEOS_DEPLOYMENT_TARGET = 9.0;
				LD_RUNPATH_SEARCH_PATHS = "$(inherited) @executable_path/Frameworks";
				PRODUCT_BUNDLE_IDENTIFIER = com.meitu.ToastExample;
				PRODUCT_NAME = "$(TARGET_NAME)";
				SWIFT_VERSION = 3.0;
			};
			name = Release;
		};
/* End XCBuildConfiguration section */

/* Begin XCConfigurationList section */
		D1F1F9391DDF671F00F8869E /* Build configuration list for PBXProject "ToastExample" */ = {
			isa = XCConfigurationList;
			buildConfigurations = (
				D1F1F94E1DDF671F00F8869E /* Debug */,
				D1F1F94F1DDF671F00F8869E /* Release */,
			);
			defaultConfigurationIsVisible = 0;
			defaultConfigurationName = Release;
		};
		D1F1F9501DDF671F00F8869E /* Build configuration list for PBXNativeTarget "ToastExample" */ = {
			isa = XCConfigurationList;
			buildConfigurations = (
				D1F1F9511DDF671F00F8869E /* Debug */,
				D1F1F9521DDF671F00F8869E /* Release */,
			);
			defaultConfigurationIsVisible = 0;
			defaultConfigurationName = Release;
		};
/* End XCConfigurationList section */
	};
	rootObject = D1F1F9361DDF671F00F8869E /* Project object */;
}
